
Microsoft Visual Studio Solution File, Format Version 12.00
# Visual Studio Version 17
VisualStudioVersion = 17.9.34616.47
MinimumVisualStudioVersion = 10.0.40219.1
Project("{9A19103F-16F7-4668-BE54-9A1E7A4F7556}") = "Test_001", "Test_001\Test_001.csproj", "{F76B7617-33C1-4EE9-B603-D24F6034D4E3}"
EndProject
Project("{9A19103F-16F7-4668-BE54-9A1E7A4F7556}") = "Test_002", "Test_002\Test_002.csproj", "{EBFF8813-F3BD-4976-BCEF-1C6CF5FB3E86}"
EndProject
Project("{9A19103F-16F7-4668-BE54-9A1E7A4F7556}") = "SpecialScanner.UI", "SpecialScanner.UI\SpecialScanner.UI.csproj", "{B56DC21F-55DB-4041-B3E5-49D7D1044214}"
EndProject
Project("{9A19103F-16F7-4668-BE54-9A1E7A4F7556}") = "SpecialScanner.Model", "SpecialScanner.Model\SpecialScanner.Model.csproj", "{2D9F8D04-DC49-4B5C-9A4A-77ADCA82B6CF}"
EndProject
Project("{FAE04EC0-301F-11D3-BF4B-00C04F79EFBC}") = "ClientForScanner", "ClientForScanner\ClientForScanner.csproj", "{7C403668-D905-4349-8275-07354BB452BE}"
EndProject
Global
	GlobalSection(SolutionConfigurationPlatforms) = preSolution
		Debug|Any CPU = Debug|Any CPU
		Release|Any CPU = Release|Any CPU
	EndGlobalSection
	GlobalSection(ProjectConfigurationPlatforms) = postSolution
		{F76B7617-33C1-4EE9-B603-D24F6034D4E3}.Debug|Any CPU.ActiveCfg = Debug|Any CPU
		{F76B7617-33C1-4EE9-B603-D24F6034D4E3}.Debug|Any CPU.Build.0 = Debug|Any CPU
		{F76B7617-33C1-4EE9-B603-D24F6034D4E3}.Release|Any CPU.ActiveCfg = Release|Any CPU
		{F76B7617-33C1-4EE9-B603-D24F6034D4E3}.Release|Any CPU.Build.0 = Release|Any CPU
		{EBFF8813-F3BD-4976-BCEF-1C6CF5FB3E86}.Debug|Any CPU.ActiveCfg = Debug|Any CPU
		{EBFF8813-F3BD-4976-BCEF-1C6CF5FB3E86}.Debug|Any CPU.Build.0 = Debug|Any CPU
		{EBFF8813-F3BD-4976-BCEF-1C6CF5FB3E86}.Release|Any CPU.ActiveCfg = Release|Any CPU
		{EBFF8813-F3BD-4976-BCEF-1C6CF5FB3E86}.Release|Any CPU.Build.0 = Release|Any CPU
		{B56DC21F-55DB-4041-B3E5-49D7D1044214}.Debug|Any CPU.ActiveCfg = Debug|Any CPU
		{B56DC21F-55DB-4041-B3E5-49D7D1044214}.Debug|Any CPU.Build.0 = Debug|Any CPU
		{B56DC21F-55DB-4041-B3E5-49D7D1044214}.Release|Any CPU.ActiveCfg = Release|Any CPU
		{B56DC21F-55DB-4041-B3E5-49D7D1044214}.Release|Any CPU.Build.0 = Release|Any CPU
		{2D9F8D04-DC49-4B5C-9A4A-77ADCA82B6CF}.Debug|Any CPU.ActiveCfg = Debug|Any CPU
		{2D9F8D04-DC49-4B5C-9A4A-77ADCA82B6CF}.Debug|Any CPU.Build.0 = Debug|Any CPU
		{2D9F8D04-DC49-4B5C-9A4A-77ADCA82B6CF}.Release|Any CPU.ActiveCfg = Release|Any CPU
		{2D9F8D04-DC49-4B5C-9A4A-77ADCA82B6CF}.Release|Any CPU.Build.0 = Release|Any CPU
		{7C403668-D905-4349-8275-07354BB452BE}.Debug|Any CPU.ActiveCfg = Debug|Any CPU
		{7C403668-D905-4349-8275-07354BB452BE}.Debug|Any CPU.Build.0 = Debug|Any CPU
		{7C403668-D905-4349-8275-07354BB452BE}.Release|Any CPU.ActiveCfg = Release|Any CPU
		{7C403668-D905-4349-8275-07354BB452BE}.Release|Any CPU.Build.0 = Release|Any CPU
	EndGlobalSection
	GlobalSection(SolutionProperties) = preSolution
		HideSolutionNode = FALSE
	EndGlobalSection
	GlobalSection(ExtensibilityGlobals) = postSolution
		SolutionGuid = {27F04C98-52DE-4932-9B86-A747C2DAC8C4}
	EndGlobalSection
EndGlobal
